
Microsoft Visual Studio Solution File, Format Version 12.00
# Visual Studio Version 17
VisualStudioVersion = 17.11.35208.52
MinimumVisualStudioVersion = 10.0.40219.1
Project("{8BC9CEB8-8B4A-11D0-8D11-00A0C91BC942}") = "Homework_4_4_2", "Homework_4_4_2.vcxproj", "{BDE2CEEA-C63C-4E7D-8B27-CEBAA5183A10}"
EndProject
Global
	GlobalSection(SolutionConfigurationPlatforms) = preSolution
		Debug|x64 = Debug|x64
		Debug|x86 = Debug|x86
		Release|x64 = Release|x64
		Release|x86 = Release|x86
	EndGlobalSection
	GlobalSection(ProjectConfigurationPlatforms) = postSolution
		{BDE2CEEA-C63C-4E7D-8B27-CEBAA5183A10}.Debug|x64.ActiveCfg = Debug|x64
		{BDE2CEEA-C63C-4E7D-8B27-CEBAA5183A10}.Debug|x64.Build.0 = Debug|x64
		{BDE2CEEA-C63C-4E7D-8B27-CEBAA5183A10}.Debug|x86.ActiveCfg = Debug|Win32
		{BDE2CEEA-C63C-4E7D-8B27-CEBAA5183A10}.Debug|x86.Build.0 = Debug|Win32
		{BDE2CEEA-C63C-4E7D-8B27-CEBAA5183A10}.Release|x64.ActiveCfg = Release|x64
		{BDE2CEEA-C63C-4E7D-8B27-CEBAA5183A10}.Release|x64.Build.0 = Release|x64
		{BDE2CEEA-C63C-4E7D-8B27-CEBAA5183A10}.Release|x86.ActiveCfg = Release|Win32
		{BDE2CEEA-C63C-4E7D-8B27-CEBAA5183A10}.Release|x86.Build.0 = Release|Win32
	EndGlobalSection
	GlobalSection(SolutionProperties) = preSolution
		HideSolutionNode = FALSE
	EndGlobalSection
	GlobalSection(ExtensibilityGlobals) = postSolution
		SolutionGuid = {3F3F5B3F-739D-4498-9644-228EAFDF97C1}
	EndGlobalSection
EndGlobal
